
Microsoft Visual Studio Solution File, Format Version 12.00
# Visual Studio Version 16
VisualStudioVersion = 16.0.30413.136
MinimumVisualStudioVersion = 10.0.40219.1
Project("{9A19103F-16F7-4668-BE54-9A1E7A4F7556}") = "Silo", "Silo\Silo.csproj", "{C33B6625-AAF1-4466-9FF4-8BB25BCAAB1A}"
EndProject
Project("{9A19103F-16F7-4668-BE54-9A1E7A4F7556}") = "Client", "Client\Client.csproj", "{8BC0F7F5-DEF5-4411-A97D-3D5181AE3864}"
EndProject
Project("{FAE04EC0-301F-11D3-BF4B-00C04F79EFBC}") = "GrainInterfaces", "GrainInterfaces\GrainInterfaces.csproj", "{FA7E132C-3DF8-47FA-870E-8AFCA3C901B5}"
EndProject
Project("{FAE04EC0-301F-11D3-BF4B-00C04F79EFBC}") = "Grains", "Grains\Grains.csproj", "{F7DDA6C3-1B06-41B3-B0EE-3FE54A243397}"
EndProject
Global
	GlobalSection(SolutionConfigurationPlatforms) = preSolution
		Debug|Any CPU = Debug|Any CPU
		Release|Any CPU = Release|Any CPU
	EndGlobalSection
	GlobalSection(ProjectConfigurationPlatforms) = postSolution
		{C33B6625-AAF1-4466-9FF4-8BB25BCAAB1A}.Debug|Any CPU.ActiveCfg = Debug|Any CPU
		{C33B6625-AAF1-4466-9FF4-8BB25BCAAB1A}.Debug|Any CPU.Build.0 = Debug|Any CPU
		{C33B6625-AAF1-4466-9FF4-8BB25BCAAB1A}.Release|Any CPU.ActiveCfg = Release|Any CPU
		{C33B6625-AAF1-4466-9FF4-8BB25BCAAB1A}.Release|Any CPU.Build.0 = Release|Any CPU
		{8BC0F7F5-DEF5-4411-A97D-3D5181AE3864}.Debug|Any CPU.ActiveCfg = Debug|Any CPU
		{8BC0F7F5-DEF5-4411-A97D-3D5181AE3864}.Debug|Any CPU.Build.0 = Debug|Any CPU
		{8BC0F7F5-DEF5-4411-A97D-3D5181AE3864}.Release|Any CPU.ActiveCfg = Release|Any CPU
		{8BC0F7F5-DEF5-4411-A97D-3D5181AE3864}.Release|Any CPU.Build.0 = Release|Any CPU
		{FA7E132C-3DF8-47FA-870E-8AFCA3C901B5}.Debug|Any CPU.ActiveCfg = Debug|Any CPU
		{FA7E132C-3DF8-47FA-870E-8AFCA3C901B5}.Debug|Any CPU.Build.0 = Debug|Any CPU
		{FA7E132C-3DF8-47FA-870E-8AFCA3C901B5}.Release|Any CPU.ActiveCfg = Release|Any CPU
		{FA7E132C-3DF8-47FA-870E-8AFCA3C901B5}.Release|Any CPU.Build.0 = Release|Any CPU
		{F7DDA6C3-1B06-41B3-B0EE-3FE54A243397}.Debug|Any CPU.ActiveCfg = Debug|Any CPU
		{F7DDA6C3-1B06-41B3-B0EE-3FE54A243397}.Debug|Any CPU.Build.0 = Debug|Any CPU
		{F7DDA6C3-1B06-41B3-B0EE-3FE54A243397}.Release|Any CPU.ActiveCfg = Release|Any CPU
		{F7DDA6C3-1B06-41B3-B0EE-3FE54A243397}.Release|Any CPU.Build.0 = Release|Any CPU
	EndGlobalSection
	GlobalSection(SolutionProperties) = preSolution
		HideSolutionNode = FALSE
	EndGlobalSection
	GlobalSection(ExtensibilityGlobals) = postSolution
		SolutionGuid = {D52D64BF-98A8-4B4C-873A-A09CF1C233D8}
	EndGlobalSection
EndGlobal
